// !$*UTF8*$!
{
	archiveVersion = 1;
	classes = {
	};
	objectVersion = 46;
	objects = {

/* Begin PBXBuildFile section */
		91A4DA111A7C4C7200D2B765 /* main.m in Sources */ = {isa = PBXBuildFile; fileRef = 91A4DA101A7C4C7200D2B765 /* main.m */; };
		91A4DA141A7C4C7200D2B765 /* AppDelegate.m in Sources */ = {isa = PBXBuildFile; fileRef = 91A4DA131A7C4C7200D2B765 /* AppDelegate.m */; };
		91A4DA171A7C4C7200D2B765 /* TestGH.xcdatamodeld in Sources */ = {isa = PBXBuildFile; fileRef = 91A4DA151A7C4C7200D2B765 /* TestGH.xcdatamodeld */; };
		91A4DA1A1A7C4C7200D2B765 /* ViewController.m in Sources */ = {isa = PBXBuildFile; fileRef = 91A4DA191A7C4C7200D2B765 /* ViewController.m */; };
		91A4DA1D1A7C4C7200D2B765 /* Main.storyboard in Resources */ = {isa = PBXBuildFile; fileRef = 91A4DA1B1A7C4C7200D2B765 /* Main.storyboard */; };
		91A4DA1F1A7C4C7200D2B765 /* Images.xcassets in Resources */ = {isa = PBXBuildFile; fileRef = 91A4DA1E1A7C4C7200D2B765 /* Images.xcassets */; };
		91A4DA221A7C4C7200D2B765 /* LaunchScreen.xib in Resources */ = {isa = PBXBuildFile; fileRef = 91A4DA201A7C4C7200D2B765 /* LaunchScreen.xib */; };
		91A4DA2E1A7C4C7200D2B765 /* TestGHTests.m in Sources */ = {isa = PBXBuildFile; fileRef = 91A4DA2D1A7C4C7200D2B765 /* TestGHTests.m */; };
/* End PBXBuildFile section */

/* Begin PBXContainerItemProxy section */
		91A4DA281A7C4C7200D2B765 /* PBXContainerItemProxy */ = {
			isa = PBXContainerItemProxy;
			containerPortal = 91A4DA031A7C4C7200D2B765 /* Project object */;
			proxyType = 1;
			remoteGlobalIDString = 91A4DA0A1A7C4C7200D2B765;
			remoteInfo = TestGH;
		};
/* End PBXContainerItemProxy section */

/* Begin PBXFileReference section */
		91A4DA0B1A7C4C7200D2B765 /* TestGH.app */ = {isa = PBXFileReference; explicitFileType = wrapper.application; includeInIndex = 0; path = TestGH.app; sourceTree = BUILT_PRODUCTS_DIR; };
		91A4DA0F1A7C4C7200D2B765 /* Info.plist */ = {isa = PBXFileReference; lastKnownFileType = text.plist.xml; path = Info.plist; sourceTree = "<group>"; };
		91A4DA101A7C4C7200D2B765 /* main.m */ = {isa = PBXFileReference; lastKnownFileType = sourcecode.c.objc; path = main.m; sourceTree = "<group>"; };
		91A4DA121A7C4C7200D2B765 /* AppDelegate.h */ = {isa = PBXFileReference; lastKnownFileType = sourcecode.c.h; path = AppDelegate.h; sourceTree = "<group>"; };
		91A4DA131A7C4C7200D2B765 /* AppDelegate.m */ = {isa = PBXFileReference; lastKnownFileType = sourcecode.c.objc; path = AppDelegate.m; sourceTree = "<group>"; };
		91A4DA161A7C4C7200D2B765 /* TestGH.xcdatamodel */ = {isa = PBXFileReference; lastKnownFileType = wrapper.xcdatamodel; path = TestGH.xcdatamodel; sourceTree = "<group>"; };
		91A4DA181A7C4C7200D2B765 /* ViewController.h */ = {isa = PBXFileReference; lastKnownFileType = sourcecode.c.h; path = ViewController.h; sourceTree = "<group>"; };
		91A4DA191A7C4C7200D2B765 /* ViewController.m */ = {isa = PBXFileReference; lastKnownFileType = sourcecode.c.objc; path = ViewController.m; sourceTree = "<group>"; };
		91A4DA1C1A7C4C7200D2B765 /* Base */ = {isa = PBXFileReference; lastKnownFileType = file.storyboard; name = Base; path = Base.lproj/Main.storyboard; sourceTree = "<group>"; };
		91A4DA1E1A7C4C7200D2B765 /* Images.xcassets */ = {isa = PBXFileReference; lastKnownFileType = folder.assetcatalog; path = Images.xcassets; sourceTree = "<group>"; };
		91A4DA211A7C4C7200D2B765 /* Base */ = {isa = PBXFileReference; lastKnownFileType = file.xib; name = Base; path = Base.lproj/LaunchScreen.xib; sourceTree = "<group>"; };
		91A4DA271A7C4C7200D2B765 /* TestGHTests.xctest */ = {isa = PBXFileReference; explicitFileType = wrapper.cfbundle; includeInIndex = 0; path = TestGHTests.xctest; sourceTree = BUILT_PRODUCTS_DIR; };
		91A4DA2C1A7C4C7200D2B765 /* Info.plist */ = {isa = PBXFileReference; lastKnownFileType = text.plist.xml; path = Info.plist; sourceTree = "<group>"; };
		91A4DA2D1A7C4C7200D2B765 /* TestGHTests.m */ = {isa = PBXFileReference; lastKnownFileType = sourcecode.c.objc; path = TestGHTests.m; sourceTree = "<group>"; };
/* End PBXFileReference section */

/* Begin PBXFrameworksBuildPhase section */
		91A4DA081A7C4C7200D2B765 /* Frameworks */ = {
			isa = PBXFrameworksBuildPhase;
			buildActionMask = 2147483647;
			files = (
			);
			runOnlyForDeploymentPostprocessing = 0;
		};
		91A4DA241A7C4C7200D2B765 /* Frameworks */ = {
			isa = PBXFrameworksBuildPhase;
			buildActionMask = 2147483647;
			files = (
			);
			runOnlyForDeploymentPostprocessing = 0;
		};
/* End PBXFrameworksBuildPhase section */

/* Begin PBXGroup section */
		91A4DA021A7C4C7200D2B765 = {
			isa = PBXGroup;
			children = (
				91A4DA0D1A7C4C7200D2B765 /* TestGH */,
				91A4DA2A1A7C4C7200D2B765 /* TestGHTests */,
				91A4DA0C1A7C4C7200D2B765 /* Products */,
			);
			sourceTree = "<group>";
		};
		91A4DA0C1A7C4C7200D2B765 /* Products */ = {
			isa = PBXGroup;
			children = (
				91A4DA0B1A7C4C7200D2B765 /* TestGH.app */,
				91A4DA271A7C4C7200D2B765 /* TestGHTests.xctest */,
			);
			name = Products;
			sourceTree = "<group>";
		};
		91A4DA0D1A7C4C7200D2B765 /* TestGH */ = {
			isa = PBXGroup;
			children = (
				91A4DA121A7C4C7200D2B765 /* AppDelegate.h */,
				91A4DA131A7C4C7200D2B765 /* AppDelegate.m */,
				91A4DA181A7C4C7200D2B765 /* ViewController.h */,
				91A4DA191A7C4C7200D2B765 /* ViewController.m */,
				91A4DA1B1A7C4C7200D2B765 /* Main.storyboard */,
				91A4DA1E1A7C4C7200D2B765 /* Images.xcassets */,
				91A4DA201A7C4C7200D2B765 /* LaunchScreen.xib */,
				91A4DA151A7C4C7200D2B765 /* TestGH.xcdatamodeld */,
				91A4DA0E1A7C4C7200D2B765 /* Supporting Files */,
			);
			path = TestGH;
			sourceTree = "<group>";
		};
		91A4DA0E1A7C4C7200D2B765 /* Supporting Files */ = {
			isa = PBXGroup;
			children = (
				91A4DA0F1A7C4C7200D2B765 /* Info.plist */,
				91A4DA101A7C4C7200D2B765 /* main.m */,
			);
			name = "Supporting Files";
			sourceTree = "<group>";
		};
		91A4DA2A1A7C4C7200D2B765 /* TestGHTests */ = {
			isa = PBXGroup;
			children = (
				91A4DA2D1A7C4C7200D2B765 /* TestGHTests.m */,
				91A4DA2B1A7C4C7200D2B765 /* Supporting Files */,
			);
			path = TestGHTests;
			sourceTree = "<group>";
		};
		91A4DA2B1A7C4C7200D2B765 /* Supporting Files */ = {
			isa = PBXGroup;
			children = (
				91A4DA2C1A7C4C7200D2B765 /* Info.plist */,
			);
			name = "Supporting Files";
			sourceTree = "<group>";
		};
/* End PBXGroup section */

/* Begin PBXNativeTarget section */
		91A4DA0A1A7C4C7200D2B765 /* TestGH */ = {
			isa = PBXNativeTarget;
			buildConfigurationList = 91A4DA311A7C4C7200D2B765 /* Build configuration list for PBXNativeTarget "TestGH" */;
			buildPhases = (
				91A4DA071A7C4C7200D2B765 /* Sources */,
				91A4DA081A7C4C7200D2B765 /* Frameworks */,
				91A4DA091A7C4C7200D2B765 /* Resources */,
			);
			buildRules = (
			);
			dependencies = (
			);
			name = TestGH;
			productName = TestGH;
			productReference = 91A4DA0B1A7C4C7200D2B765 /* TestGH.app */;
			productType = "com.apple.product-type.application";
		};
		91A4DA261A7C4C7200D2B765 /* TestGHTests */ = {
			isa = PBXNativeTarget;
			buildConfigurationList = 91A4DA341A7C4C7200D2B765 /* Build configuration list for PBXNativeTarget "TestGHTests" */;
			buildPhases = (
				91A4DA231A7C4C7200D2B765 /* Sources */,
				91A4DA241A7C4C7200D2B765 /* Frameworks */,
				91A4DA251A7C4C7200D2B765 /* Resources */,
			);
			buildRules = (
			);
			dependencies = (
				91A4DA291A7C4C7200D2B765 /* PBXTargetDependency */,
			);
			name = TestGHTests;
			productName = TestGHTests;
			productReference = 91A4DA271A7C4C7200D2B765 /* TestGHTests.xctest */;
			productType = "com.apple.product-type.bundle.unit-test";
		};
/* End PBXNativeTarget section */

/* Begin PBXProject section */
		91A4DA031A7C4C7200D2B765 /* Project object */ = {
			isa = PBXProject;
			attributes = {
				LastUpgradeCheck = 0610;
				ORGANIZATIONNAME = "Aaron Bradley";
				TargetAttributes = {
					91A4DA0A1A7C4C7200D2B765 = {
						CreatedOnToolsVersion = 6.1.1;
					};
					91A4DA261A7C4C7200D2B765 = {
						CreatedOnToolsVersion = 6.1.1;
						TestTargetID = 91A4DA0A1A7C4C7200D2B765;
					};
				};
			};
			buildConfigurationList = 91A4DA061A7C4C7200D2B765 /* Build configuration list for PBXProject "TestGH" */;
			compatibilityVersion = "Xcode 3.2";
			developmentRegion = English;
			hasScannedForEncodings = 0;
			knownRegions = (
				en,
				Base,
			);
			mainGroup = 91A4DA021A7C4C7200D2B765;
			productRefGroup = 91A4DA0C1A7C4C7200D2B765 /* Products */;
			projectDirPath = "";
			projectRoot = "";
			targets = (
				91A4DA0A1A7C4C7200D2B765 /* TestGH */,
				91A4DA261A7C4C7200D2B765 /* TestGHTests */,
			);
		};
/* End PBXProject section */

/* Begin PBXResourcesBuildPhase section */
		91A4DA091A7C4C7200D2B765 /* Resources */ = {
			isa = PBXResourcesBuildPhase;
			buildActionMask = 2147483647;
			files = (
				91A4DA1D1A7C4C7200D2B765 /* Main.storyboard in Resources */,
				91A4DA221A7C4C7200D2B765 /* LaunchScreen.xib in Resources */,
				91A4DA1F1A7C4C7200D2B765 /* Images.xcassets in Resources */,
			);
			runOnlyForDeploymentPostprocessing = 0;
		};
		91A4DA251A7C4C7200D2B765 /* Resources */ = {
			isa = PBXResourcesBuildPhase;
			buildActionMask = 2147483647;
			files = (
			);
			runOnlyForDeploymentPostprocessing = 0;
		};
/* End PBXResourcesBuildPhase section */

/* Begin PBXSourcesBuildPhase section */
		91A4DA071A7C4C7200D2B765 /* Sources */ = {
			isa = PBXSourcesBuildPhase;
			buildActionMask = 2147483647;
			files = (
				91A4DA141A7C4C7200D2B765 /* AppDelegate.m in Sources */,
				91A4DA111A7C4C7200D2B765 /* main.m in Sources */,
				91A4DA1A1A7C4C7200D2B765 /* ViewController.m in Sources */,
				91A4DA171A7C4C7200D2B765 /* TestGH.xcdatamodeld in Sources */,
			);
			runOnlyForDeploymentPostprocessing = 0;
		};
		91A4DA231A7C4C7200D2B765 /* Sources */ = {
			isa = PBXSourcesBuildPhase;
			buildActionMask = 2147483647;
			files = (
				91A4DA2E1A7C4C7200D2B765 /* TestGHTests.m in Sources */,
			);
			runOnlyForDeploymentPostprocessing = 0;
		};
/* End PBXSourcesBuildPhase section */

/* Begin PBXTargetDependency section */
		91A4DA291A7C4C7200D2B765 /* PBXTargetDependency */ = {
			isa = PBXTargetDependency;
			target = 91A4DA0A1A7C4C7200D2B765 /* TestGH */;
			targetProxy = 91A4DA281A7C4C7200D2B765 /* PBXContainerItemProxy */;
		};
/* End PBXTargetDependency section */

/* Begin PBXVariantGroup section */
		91A4DA1B1A7C4C7200D2B765 /* Main.storyboard */ = {
			isa = PBXVariantGroup;
			children = (
				91A4DA1C1A7C4C7200D2B765 /* Base */,
			);
			name = Main.storyboard;
			sourceTree = "<group>";
		};
		91A4DA201A7C4C7200D2B765 /* LaunchScreen.xib */ = {
			isa = PBXVariantGroup;
			children = (
				91A4DA211A7C4C7200D2B765 /* Base */,
			);
			name = LaunchScreen.xib;
			sourceTree = "<group>";
		};
/* End PBXVariantGroup section */

/* Begin XCBuildConfiguration section */
		91A4DA2F1A7C4C7200D2B765 /* Debug */ = {
			isa = XCBuildConfiguration;
			buildSettings = {
				ALWAYS_SEARCH_USER_PATHS = NO;
				CLANG_CXX_LANGUAGE_STANDARD = "gnu++0x";
				CLANG_CXX_LIBRARY = "libc++";
				CLANG_ENABLE_MODULES = YES;
				CLANG_ENABLE_OBJC_ARC = YES;
				CLANG_WARN_BOOL_CONVERSION = YES;
				CLANG_WARN_CONSTANT_CONVERSION = YES;
				CLANG_WARN_DIRECT_OBJC_ISA_USAGE = YES_ERROR;
				CLANG_WARN_EMPTY_BODY = YES;
				CLANG_WARN_ENUM_CONVERSION = YES;
				CLANG_WARN_INT_CONVERSION = YES;
				CLANG_WARN_OBJC_ROOT_CLASS = YES_ERROR;
				CLANG_WARN_UNREACHABLE_CODE = YES;
				CLANG_WARN__DUPLICATE_METHOD_MATCH = YES;
				"CODE_SIGN_IDENTITY[sdk=iphoneos*]" = "iPhone Developer";
				COPY_PHASE_STRIP = NO;
				ENABLE_STRICT_OBJC_MSGSEND = YES;
				GCC_C_LANGUAGE_STANDARD = gnu99;
				GCC_DYNAMIC_NO_PIC = NO;
				GCC_OPTIMIZATION_LEVEL = 0;
				GCC_PREPROCESSOR_DEFINITIONS = (
					"DEBUG=1",
					"$(inherited)",
				);
				GCC_SYMBOLS_PRIVATE_EXTERN = NO;
				GCC_WARN_64_TO_32_BIT_CONVERSION = YES;
				GCC_WARN_ABOUT_RETURN_TYPE = YES_ERROR;
				GCC_WARN_UNDECLARED_SELECTOR = YES;
				GCC_WARN_UNINITIALIZED_AUTOS = YES_AGGRESSIVE;
				GCC_WARN_UNUSED_FUNCTION = YES;
				GCC_WARN_UNUSED_VARIABLE = YES;
				IPHONEOS_DEPLOYMENT_TARGET = 8.1;
				MTL_ENABLE_DEBUG_INFO = YES;
				ONLY_ACTIVE_ARCH = YES;
				SDKROOT = iphoneos;
			};
			name = Debug;
		};
		91A4DA301A7C4C7200D2B765 /* Release */ = {
			isa = XCBuildConfiguration;
			buildSettings = {
				ALWAYS_SEARCH_USER_PATHS = NO;
				CLANG_CXX_LANGUAGE_STANDARD = "gnu++0x";
				CLANG_CXX_LIBRARY = "libc++";
				CLANG_ENABLE_MODULES = YES;
				CLANG_ENABLE_OBJC_ARC = YES;
				CLANG_WARN_BOOL_CONVERSION = YES;
				CLANG_WARN_CONSTANT_CONVERSION = YES;
				CLANG_WARN_DIRECT_OBJC_ISA_USAGE = YES_ERROR;
				CLANG_WARN_EMPTY_BODY = YES;
				CLANG_WARN_ENUM_CONVERSION = YES;
				CLANG_WARN_INT_CONVERSION = YES;
				CLANG_WARN_OBJC_ROOT_CLASS = YES_ERROR;
				CLANG_WARN_UNREACHABLE_CODE = YES;
				CLANG_WARN__DUPLICATE_METHOD_MATCH = YES;
				"CODE_SIGN_IDENTITY[sdk=iphoneos*]" = "iPhone Developer";
				COPY_PHASE_STRIP = YES;
				ENABLE_NS_ASSERTIONS = NO;
				ENABLE_STRICT_OBJC_MSGSEND = YES;
				GCC_C_LANGUAGE_STANDARD = gnu99;
				GCC_WARN_64_TO_32_BIT_CONVERSION = YES;
				GCC_WARN_ABOUT_RETURN_TYPE = YES_ERROR;
				GCC_WARN_UNDECLARED_SELECTOR = YES;
				GCC_WARN_UNINITIALIZED_AUTOS = YES_AGGRESSIVE;
				GCC_WARN_UNUSED_FUNCTION = YES;
				GCC_WARN_UNUSED_VARIABLE = YES;
				IPHONEOS_DEPLOYMENT_TARGET = 8.1;
				MTL_ENABLE_DEBUG_INFO = NO;
				SDKROOT = iphoneos;
				VALIDATE_PRODUCT = YES;
			};
			name = Release;
		};
		91A4DA321A7C4C7200D2B765 /* Debug */ = {
			isa = XCBuildConfiguration;
			buildSettings = {
				ASSETCATALOG_COMPILER_APPICON_NAME = AppIcon;
				INFOPLIST_FILE = TestGH/Info.plist;
				LD_RUNPATH_SEARCH_PATHS = "$(inherited) @executable_path/Frameworks";
				PRODUCT_NAME = "$(TARGET_NAME)";
			};
			name = Debug;
		};
		91A4DA331A7C4C7200D2B765 /* Release */ = {
			isa = XCBuildConfiguration;
			buildSettings = {
				ASSETCATALOG_COMPILER_APPICON_NAME = AppIcon;
				INFOPLIST_FILE = TestGH/Info.plist;
				LD_RUNPATH_SEARCH_PATHS = "$(inherited) @executable_path/Frameworks";
				PRODUCT_NAME = "$(TARGET_NAME)";
			};
			name = Release;
		};
		91A4DA351A7C4C7200D2B765 /* Debug */ = {
			isa = XCBuildConfiguration;
			buildSettings = {
				BUNDLE_LOADER = "$(TEST_HOST)";
				FRAMEWORK_SEARCH_PATHS = (
					"$(SDKROOT)/Developer/Library/Frameworks",
					"$(inherited)",
				);
				GCC_PREPROCESSOR_DEFINITIONS = (
					"DEBUG=1",
					"$(inherited)",
				);
				INFOPLIST_FILE = TestGHTests/Info.plist;
				LD_RUNPATH_SEARCH_PATHS = "$(inherited) @executable_path/Frameworks @loader_path/Frameworks";
				PRODUCT_NAME = "$(TARGET_NAME)";
				TEST_HOST = "$(BUILT_PRODUCTS_DIR)/TestGH.app/TestGH";
			};
			name = Debug;
		};
		91A4DA361A7C4C7200D2B765 /* Release */ = {
			isa = XCBuildConfiguration;
			buildSettings = {
				BUNDLE_LOADER = "$(TEST_HOST)";
				FRAMEWORK_SEARCH_PATHS = (
					"$(SDKROOT)/Developer/Library/Frameworks",
					"$(inherited)",
				);
				INFOPLIST_FILE = TestGHTests/Info.plist;
				LD_RUNPATH_SEARCH_PATHS = "$(inherited) @executable_path/Frameworks @loader_path/Frameworks";
				PRODUCT_NAME = "$(TARGET_NAME)";
				TEST_HOST = "$(BUILT_PRODUCTS_DIR)/TestGH.app/TestGH";
			};
			name = Release;
		};
/* End XCBuildConfiguration section */

/* Begin XCConfigurationList section */
		91A4DA061A7C4C7200D2B765 /* Build configuration list for PBXProject "TestGH" */ = {
			isa = XCConfigurationList;
			buildConfigurations = (
				91A4DA2F1A7C4C7200D2B765 /* Debug */,
				91A4DA301A7C4C7200D2B765 /* Release */,
			);
			defaultConfigurationIsVisible = 0;
			defaultConfigurationName = Release;
		};
		91A4DA311A7C4C7200D2B765 /* Build configuration list for PBXNativeTarget "TestGH" */ = {
			isa = XCConfigurationList;
			buildConfigurations = (
				91A4DA321A7C4C7200D2B765 /* Debug */,
				91A4DA331A7C4C7200D2B765 /* Release */,
			);
			defaultConfigurationIsVisible = 0;
		};
		91A4DA341A7C4C7200D2B765 /* Build configuration list for PBXNativeTarget "TestGHTests" */ = {
			isa = XCConfigurationList;
			buildConfigurations = (
				91A4DA351A7C4C7200D2B765 /* Debug */,
				91A4DA361A7C4C7200D2B765 /* Release */,
			);
			defaultConfigurationIsVisible = 0;
		};
/* End XCConfigurationList section */

/* Begin XCVersionGroup section */
		91A4DA151A7C4C7200D2B765 /* TestGH.xcdatamodeld */ = {
			isa = XCVersionGroup;
			children = (
				91A4DA161A7C4C7200D2B765 /* TestGH.xcdatamodel */,
			);
			currentVersion = 91A4DA161A7C4C7200D2B765 /* TestGH.xcdatamodel */;
			path = TestGH.xcdatamodeld;
			sourceTree = "<group>";
			versionGroupType = wrapper.xcdatamodel;
		};
/* End XCVersionGroup section */
	};
	rootObject = 91A4DA031A7C4C7200D2B765 /* Project object */;
}
